
Microsoft Visual Studio Solution File, Format Version 12.00
# Visual Studio 14
VisualStudioVersion = 14.0.23107.0
MinimumVisualStudioVersion = 10.0.40219.1
Project("{FAE04EC0-301F-11D3-BF4B-00C04F79EFBC}") = "BLL", "BLL\BLL.csproj", "{4B0D177D-4F33-477E-AF79-9D32E74B17CD}"
EndProject
Project("{FAE04EC0-301F-11D3-BF4B-00C04F79EFBC}") = "Model", "Model\Model.csproj", "{BC0AA85D-FA5E-4D42-809E-2EC18EB86517}"
EndProject
Project("{FAE04EC0-301F-11D3-BF4B-00C04F79EFBC}") = "DAL", "DAL\DAL.csproj", "{ED5E858D-3028-45F7-B974-D93E0F888D59}"
EndProject
Project("{FAE04EC0-301F-11D3-BF4B-00C04F79EFBC}") = "UL.AXT", "UL.AXT\UL.AXT.csproj", "{CF0F06F4-E804-49BA-9B6C-536B0DA6F880}"
EndProject
Global
	GlobalSection(SolutionConfigurationPlatforms) = preSolution
		Debug|Any CPU = Debug|Any CPU
		Release|Any CPU = Release|Any CPU
	EndGlobalSection
	GlobalSection(ProjectConfigurationPlatforms) = postSolution
		{4B0D177D-4F33-477E-AF79-9D32E74B17CD}.Debug|Any CPU.ActiveCfg = Debug|Any CPU
		{4B0D177D-4F33-477E-AF79-9D32E74B17CD}.Debug|Any CPU.Build.0 = Debug|Any CPU
		{4B0D177D-4F33-477E-AF79-9D32E74B17CD}.Release|Any CPU.ActiveCfg = Release|Any CPU
		{4B0D177D-4F33-477E-AF79-9D32E74B17CD}.Release|Any CPU.Build.0 = Release|Any CPU
		{BC0AA85D-FA5E-4D42-809E-2EC18EB86517}.Debug|Any CPU.ActiveCfg = Debug|Any CPU
		{BC0AA85D-FA5E-4D42-809E-2EC18EB86517}.Debug|Any CPU.Build.0 = Debug|Any CPU
		{BC0AA85D-FA5E-4D42-809E-2EC18EB86517}.Release|Any CPU.ActiveCfg = Release|Any CPU
		{BC0AA85D-FA5E-4D42-809E-2EC18EB86517}.Release|Any CPU.Build.0 = Release|Any CPU
		{ED5E858D-3028-45F7-B974-D93E0F888D59}.Debug|Any CPU.ActiveCfg = Debug|Any CPU
		{ED5E858D-3028-45F7-B974-D93E0F888D59}.Debug|Any CPU.Build.0 = Debug|Any CPU
		{ED5E858D-3028-45F7-B974-D93E0F888D59}.Release|Any CPU.ActiveCfg = Release|Any CPU
		{ED5E858D-3028-45F7-B974-D93E0F888D59}.Release|Any CPU.Build.0 = Release|Any CPU
		{CF0F06F4-E804-49BA-9B6C-536B0DA6F880}.Debug|Any CPU.ActiveCfg = Debug|Any CPU
		{CF0F06F4-E804-49BA-9B6C-536B0DA6F880}.Debug|Any CPU.Build.0 = Debug|Any CPU
		{CF0F06F4-E804-49BA-9B6C-536B0DA6F880}.Release|Any CPU.ActiveCfg = Release|Any CPU
		{CF0F06F4-E804-49BA-9B6C-536B0DA6F880}.Release|Any CPU.Build.0 = Release|Any CPU
	EndGlobalSection
	GlobalSection(SolutionProperties) = preSolution
		HideSolutionNode = FALSE
	EndGlobalSection
EndGlobal
